<?xml version="1.0" encoding="UTF-8"?>
<!DOCTYPE plist PUBLIC "-//Apple//DTD PLIST 1.0//EN" "http://www.apple.com/DTDs/PropertyList-1.0.dtd">
<plist version="1.0">
<dict>
	<key>archiveVersion</key>
	<string>1</string>
	<key>classes</key>
	<dict/>
	<key>objectVersion</key>
	<string>46</string>
	<key>objects</key>
	<dict>
		<key>A363F0F119BB407C00E8F85A</key>
		<dict>
			<key>fileEncoding</key>
			<string>4</string>
			<key>isa</key>
			<string>PBXFileReference</string>
			<key>lastKnownFileType</key>
			<string>sourcecode.c.h</string>
			<key>path</key>
			<string>JJFactory.h</string>
			<key>sourceTree</key>
			<string>&lt;group&gt;</string>
		</dict>
		<key>A363F0F219BB407C00E8F85A</key>
		<dict>
			<key>fileEncoding</key>
			<string>4</string>
			<key>isa</key>
			<string>PBXFileReference</string>
			<key>lastKnownFileType</key>
			<string>sourcecode.c.objc</string>
			<key>path</key>
			<string>JJFactory.m</string>
			<key>sourceTree</key>
			<string>&lt;group&gt;</string>
		</dict>
		<key>A363F0F319BB407C00E8F85A</key>
		<dict>
			<key>fileRef</key>
			<string>A363F0F219BB407C00E8F85A</string>
			<key>isa</key>
			<string>PBXBuildFile</string>
		</dict>
		<key>A363F0F419BB408800E8F85A</key>
		<dict>
			<key>children</key>
			<array>
				<string>A363F0F119BB407C00E8F85A</string>
				<string>A363F0F219BB407C00E8F85A</string>
			</array>
			<key>isa</key>
			<string>PBXGroup</string>
			<key>name</key>
			<string>Factory</string>
			<key>sourceTree</key>
			<string>&lt;group&gt;</string>
		</dict>
		<key>A373B61F19BAD384006A314C</key>
		<dict>
			<key>children</key>
			<array>
				<string>A373B62019BAD396006A314C</string>
				<string>A373B62119BAD396006A314C</string>
				<string>A373B62219BAD396006A314C</string>
				<string>A373B62319BAD396006A314C</string>
				<string>A373B62419BAD396006A314C</string>
				<string>A373B62519BAD396006A314C</string>
				<string>A373B62619BAD396006A314C</string>
				<string>A373B62719BAD396006A314C</string>
				<string>A373B62819BAD396006A314C</string>
				<string>A373B62919BAD396006A314C</string>
				<string>A373B62A19BAD396006A314C</string>
				<string>A373B62B19BAD396006A314C</string>
			</array>
			<key>isa</key>
			<string>PBXGroup</string>
			<key>name</key>
			<string>PiratesAssests</string>
			<key>sourceTree</key>
			<string>&lt;group&gt;</string>
		</dict>
		<key>A373B62019BAD396006A314C</key>
		<dict>
			<key>isa</key>
			<string>PBXFileReference</string>
			<key>lastKnownFileType</key>
			<string>image.jpeg</string>
			<key>path</key>
			<string>PirateAttack.jpg</string>
			<key>sourceTree</key>
			<string>&lt;group&gt;</string>
		</dict>
		<key>A373B62119BAD396006A314C</key>
		<dict>
			<key>isa</key>
			<string>PBXFileReference</string>
			<key>lastKnownFileType</key>
			<string>image.jpeg</string>
			<key>path</key>
			<string>PirateBlacksmith.jpeg</string>
			<key>sourceTree</key>
			<string>&lt;group&gt;</string>
		</dict>
		<key>A373B62219BAD396006A314C</key>
		<dict>
			<key>isa</key>
			<string>PBXFileReference</string>
			<key>lastKnownFileType</key>
			<string>image.jpeg</string>
			<key>path</key>
			<string>PirateBoss.jpeg</string>
			<key>sourceTree</key>
			<string>&lt;group&gt;</string>
		</dict>
		<key>A373B62319BAD396006A314C</key>
		<dict>
			<key>isa</key>
			<string>PBXFileReference</string>
			<key>lastKnownFileType</key>
			<string>image.jpeg</string>
			<key>path</key>
			<string>PirateFriendlyDock.jpg</string>
			<key>sourceTree</key>
			<string>&lt;group&gt;</string>
		</dict>
		<key>A373B62419BAD396006A314C</key>
		<dict>
			<key>isa</key>
			<string>PBXFileReference</string>
			<key>lastKnownFileType</key>
			<string>image.jpeg</string>
			<key>path</key>
			<string>PirateOctopusAttack.jpg</string>
			<key>sourceTree</key>
			<string>&lt;group&gt;</string>
		</dict>
		<key>A373B62519BAD396006A314C</key>
		<dict>
			<key>isa</key>
			<string>PBXFileReference</string>
			<key>lastKnownFileType</key>
			<string>image.jpeg</string>
			<key>path</key>
			<string>PirateParrot.jpg</string>
			<key>sourceTree</key>
			<string>&lt;group&gt;</string>
		</dict>
		<key>A373B62619BAD396006A314C</key>
		<dict>
			<key>isa</key>
			<string>PBXFileReference</string>
			<key>lastKnownFileType</key>
			<string>image.jpeg</string>
			<key>path</key>
			<string>PiratePlank.jpg</string>
			<key>sourceTree</key>
			<string>&lt;group&gt;</string>
		</dict>
		<key>A373B62719BAD396006A314C</key>
		<dict>
			<key>isa</key>
			<string>PBXFileReference</string>
			<key>lastKnownFileType</key>
			<string>image.jpeg</string>
			<key>path</key>
			<string>PirateShipBattle.jpeg</string>
			<key>sourceTree</key>
			<string>&lt;group&gt;</string>
		</dict>
		<key>A373B62819BAD396006A314C</key>
		<dict>
			<key>isa</key>
			<string>PBXFileReference</string>
			<key>lastKnownFileType</key>
			<string>image.jpeg</string>
			<key>path</key>
			<string>PirateStart.jpg</string>
			<key>sourceTree</key>
			<string>&lt;group&gt;</string>
		</dict>
		<key>A373B62919BAD396006A314C</key>
		<dict>
			<key>isa</key>
			<string>PBXFileReference</string>
			<key>lastKnownFileType</key>
			<string>image.jpeg</string>
			<key>path</key>
			<string>PirateTreasure.jpeg</string>
			<key>sourceTree</key>
			<string>&lt;group&gt;</string>
		</dict>
		<key>A373B62A19BAD396006A314C</key>
		<dict>
			<key>isa</key>
			<string>PBXFileReference</string>
			<key>lastKnownFileType</key>
			<string>image.jpeg</string>
			<key>path</key>
			<string>PirateTreasurer2.jpeg</string>
			<key>sourceTree</key>
			<string>&lt;group&gt;</string>
		</dict>
		<key>A373B62B19BAD396006A314C</key>
		<dict>
			<key>isa</key>
			<string>PBXFileReference</string>
			<key>lastKnownFileType</key>
			<string>image.jpeg</string>
			<key>path</key>
			<string>PirateWeapons.jpeg</string>
			<key>sourceTree</key>
			<string>&lt;group&gt;</string>
		</dict>
		<key>A373B62C19BAD396006A314C</key>
		<dict>
			<key>fileRef</key>
			<string>A373B62019BAD396006A314C</string>
			<key>isa</key>
			<string>PBXBuildFile</string>
		</dict>
		<key>A373B62D19BAD396006A314C</key>
		<dict>
			<key>fileRef</key>
			<string>A373B62119BAD396006A314C</string>
			<key>isa</key>
			<string>PBXBuildFile</string>
		</dict>
		<key>A373B62E19BAD396006A314C</key>
		<dict>
			<key>fileRef</key>
			<string>A373B62219BAD396006A314C</string>
			<key>isa</key>
			<string>PBXBuildFile</string>
		</dict>
		<key>A373B62F19BAD396006A314C</key>
		<dict>
			<key>fileRef</key>
			<string>A373B62319BAD396006A314C</string>
			<key>isa</key>
			<string>PBXBuildFile</string>
		</dict>
		<key>A373B63019BAD396006A314C</key>
		<dict>
			<key>fileRef</key>
			<string>A373B62419BAD396006A314C</string>
			<key>isa</key>
			<string>PBXBuildFile</string>
		</dict>
		<key>A373B63119BAD396006A314C</key>
		<dict>
			<key>fileRef</key>
			<string>A373B62519BAD396006A314C</string>
			<key>isa</key>
			<string>PBXBuildFile</string>
		</dict>
		<key>A373B63219BAD396006A314C</key>
		<dict>
			<key>fileRef</key>
			<string>A373B62619BAD396006A314C</string>
			<key>isa</key>
			<string>PBXBuildFile</string>
		</dict>
		<key>A373B63319BAD396006A314C</key>
		<dict>
			<key>fileRef</key>
			<string>A373B62719BAD396006A314C</string>
			<key>isa</key>
			<string>PBXBuildFile</string>
		</dict>
		<key>A373B63419BAD396006A314C</key>
		<dict>
			<key>fileRef</key>
			<string>A373B62819BAD396006A314C</string>
			<key>isa</key>
			<string>PBXBuildFile</string>
		</dict>
		<key>A373B63519BAD396006A314C</key>
		<dict>
			<key>fileRef</key>
			<string>A373B62919BAD396006A314C</string>
			<key>isa</key>
			<string>PBXBuildFile</string>
		</dict>
		<key>A373B63619BAD396006A314C</key>
		<dict>
			<key>fileRef</key>
			<string>A373B62A19BAD396006A314C</string>
			<key>isa</key>
			<string>PBXBuildFile</string>
		</dict>
		<key>A373B63719BAD396006A314C</key>
		<dict>
			<key>fileRef</key>
			<string>A373B62B19BAD396006A314C</string>
			<key>isa</key>
			<string>PBXBuildFile</string>
		</dict>
		<key>A373B6B819BAFB24006A314C</key>
		<dict>
			<key>children</key>
			<array>
				<string>A363F0F419BB408800E8F85A</string>
				<string>A373B6B919BAFB57006A314C</string>
				<string>A373B6BA19BAFB57006A314C</string>
				<string>A3F4824819C2E79700AB219E</string>
				<string>A3F4824919C2E79700AB219E</string>
				<string>A3F4824B19C2E7DE00AB219E</string>
				<string>A3F4824C19C2E7DE00AB219E</string>
				<string>A3F4824E19C2E87300AB219E</string>
				<string>A3F4824F19C2E87300AB219E</string>
				<string>A3806C3F19C3119A00825278</string>
				<string>A3806C4019C3119A00825278</string>
			</array>
			<key>isa</key>
			<string>PBXGroup</string>
			<key>name</key>
			<string>Model</string>
			<key>sourceTree</key>
			<string>&lt;group&gt;</string>
		</dict>
		<key>A373B6B919BAFB57006A314C</key>
		<dict>
			<key>fileEncoding</key>
			<string>4</string>
			<key>isa</key>
			<string>PBXFileReference</string>
			<key>lastKnownFileType</key>
			<string>sourcecode.c.h</string>
			<key>path</key>
			<string>JJTile.h</string>
			<key>sourceTree</key>
			<string>&lt;group&gt;</string>
		</dict>
		<key>A373B6BA19BAFB57006A314C</key>
		<dict>
			<key>fileEncoding</key>
			<string>4</string>
			<key>isa</key>
			<string>PBXFileReference</string>
			<key>lastKnownFileType</key>
			<string>sourcecode.c.objc</string>
			<key>path</key>
			<string>JJTile.m</string>
			<key>sourceTree</key>
			<string>&lt;group&gt;</string>
		</dict>
		<key>A373B6BB19BAFB57006A314C</key>
		<dict>
			<key>fileRef</key>
			<string>A373B6BA19BAFB57006A314C</string>
			<key>isa</key>
			<string>PBXBuildFile</string>
		</dict>
		<key>A3806C3F19C3119A00825278</key>
		<dict>
			<key>fileEncoding</key>
			<string>4</string>
			<key>isa</key>
			<string>PBXFileReference</string>
			<key>lastKnownFileType</key>
			<string>sourcecode.c.h</string>
			<key>path</key>
			<string>JJBoss.h</string>
			<key>sourceTree</key>
			<string>&lt;group&gt;</string>
		</dict>
		<key>A3806C4019C3119A00825278</key>
		<dict>
			<key>fileEncoding</key>
			<string>4</string>
			<key>isa</key>
			<string>PBXFileReference</string>
			<key>lastKnownFileType</key>
			<string>sourcecode.c.objc</string>
			<key>path</key>
			<string>JJBoss.m</string>
			<key>sourceTree</key>
			<string>&lt;group&gt;</string>
		</dict>
		<key>A3806C4119C3119A00825278</key>
		<dict>
			<key>fileRef</key>
			<string>A3806C4019C3119A00825278</string>
			<key>isa</key>
			<string>PBXBuildFile</string>
		</dict>
		<key>A3C27D8919BACAE0007EC557</key>
		<dict>
			<key>children</key>
			<array>
				<string>A3C27D9B19BACAE0007EC557</string>
				<string>A3C27DBA19BACAE0007EC557</string>
				<string>A3C27D9419BACAE0007EC557</string>
				<string>A3C27D9319BACAE0007EC557</string>
			</array>
			<key>isa</key>
			<string>PBXGroup</string>
			<key>sourceTree</key>
			<string>&lt;group&gt;</string>
		</dict>
		<key>A3C27D8A19BACAE0007EC557</key>
		<dict>
			<key>attributes</key>
			<dict>
				<key>CLASSPREFIX</key>
				<string>JJ</string>
				<key>LastUpgradeCheck</key>
				<string>0500</string>
				<key>ORGANIZATIONNAME</key>
				<string>Techzei</string>
				<key>TargetAttributes</key>
				<dict>
					<key>A3C27DB219BACAE0007EC557</key>
					<dict>
						<key>TestTargetID</key>
						<string>A3C27D9119BACAE0007EC557</string>
					</dict>
				</dict>
			</dict>
			<key>buildConfigurationList</key>
			<string>A3C27D8D19BACAE0007EC557</string>
			<key>compatibilityVersion</key>
			<string>Xcode 3.2</string>
			<key>developmentRegion</key>
			<string>English</string>
			<key>hasScannedForEncodings</key>
			<string>0</string>
			<key>isa</key>
			<string>PBXProject</string>
			<key>knownRegions</key>
			<array>
				<string>en</string>
				<string>Base</string>
			</array>
			<key>mainGroup</key>
			<string>A3C27D8919BACAE0007EC557</string>
			<key>productRefGroup</key>
			<string>A3C27D9319BACAE0007EC557</string>
			<key>projectDirPath</key>
			<string></string>
			<key>projectRoot</key>
			<string></string>
			<key>targets</key>
			<array>
				<string>A3C27D9119BACAE0007EC557</string>
				<string>A3C27DB219BACAE0007EC557</string>
			</array>
		</dict>
		<key>A3C27D8D19BACAE0007EC557</key>
		<dict>
			<key>buildConfigurations</key>
			<array>
				<string>A3C27DC219BACAE0007EC557</string>
				<string>A3C27DC319BACAE0007EC557</string>
			</array>
			<key>defaultConfigurationIsVisible</key>
			<string>0</string>
			<key>defaultConfigurationName</key>
			<string>Release</string>
			<key>isa</key>
			<string>XCConfigurationList</string>
		</dict>
		<key>A3C27D8E19BACAE0007EC557</key>
		<dict>
			<key>buildActionMask</key>
			<string>2147483647</string>
			<key>files</key>
			<array>
				<string>A3C27DA619BACAE0007EC557</string>
				<string>A3F4825019C2E87300AB219E</string>
				<string>A3F4824D19C2E7DE00AB219E</string>
				<string>A3F4824A19C2E79800AB219E</string>
				<string>A373B6BB19BAFB57006A314C</string>
				<string>A3C27DAC19BACAE0007EC557</string>
				<string>A363F0F319BB407C00E8F85A</string>
				<string>A3C27DA219BACAE0007EC557</string>
				<string>A3806C4119C3119A00825278</string>
			</array>
			<key>isa</key>
			<string>PBXSourcesBuildPhase</string>
			<key>runOnlyForDeploymentPostprocessing</key>
			<string>0</string>
		</dict>
		<key>A3C27D8F19BACAE0007EC557</key>
		<dict>
			<key>buildActionMask</key>
			<string>2147483647</string>
			<key>files</key>
			<array>
				<string>A3C27D9819BACAE0007EC557</string>
				<string>A3C27D9A19BACAE0007EC557</string>
				<string>A3C27D9619BACAE0007EC557</string>
			</array>
			<key>isa</key>
			<string>PBXFrameworksBuildPhase</string>
			<key>runOnlyForDeploymentPostprocessing</key>
			<string>0</string>
		</dict>
		<key>A3C27D9019BACAE0007EC557</key>
		<dict>
			<key>buildActionMask</key>
			<string>2147483647</string>
			<key>files</key>
			<array>
				<string>A3C27DCF19BACD41007EC557</string>
				<string>A373B63419BAD396006A314C</string>
				<string>A373B62E19BAD396006A314C</string>
				<string>A373B63619BAD396006A314C</string>
				<string>A373B63319BAD396006A314C</string>
				<string>A373B63119BAD396006A314C</string>
				<string>A373B62F19BAD396006A314C</string>
				<string>A3C27DAE19BACAE0007EC557</string>
				<string>A373B63019BAD396006A314C</string>
				<string>A3C27DCD19BACD41007EC557</string>
				<string>A3C27DA019BACAE0007EC557</string>
				<string>A373B62C19BAD396006A314C</string>
				<string>A373B62D19BAD396006A314C</string>
				<string>A3C27DA919BACAE0007EC557</string>
				<string>A373B63219BAD396006A314C</string>
				<string>A3C27DCE19BACD41007EC557</string>
				<string>A3C27DD519BACE2D007EC557</string>
				<string>A373B63519BAD396006A314C</string>
				<string>A373B63719BAD396006A314C</string>
			</array>
			<key>isa</key>
			<string>PBXResourcesBuildPhase</string>
			<key>runOnlyForDeploymentPostprocessing</key>
			<string>0</string>
		</dict>
		<key>A3C27D9119BACAE0007EC557</key>
		<dict>
			<key>buildConfigurationList</key>
			<string>A3C27DC419BACAE0007EC557</string>
			<key>buildPhases</key>
			<array>
				<string>A3C27D8E19BACAE0007EC557</string>
				<string>A3C27D8F19BACAE0007EC557</string>
				<string>A3C27D9019BACAE0007EC557</string>
				<string>OBJCLEANCUSTOMRUNSCRIPTT</string>
			</array>
			<key>buildRules</key>
			<array/>
			<key>dependencies</key>
			<array/>
			<key>isa</key>
			<string>PBXNativeTarget</string>
			<key>name</key>
			<string>PiratesGame</string>
			<key>productName</key>
			<string>PiratesGame</string>
			<key>productReference</key>
			<string>A3C27D9219BACAE0007EC557</string>
			<key>productType</key>
			<string>com.apple.product-type.application</string>
		</dict>
		<key>A3C27D9219BACAE0007EC557</key>
		<dict>
			<key>explicitFileType</key>
			<string>wrapper.application</string>
			<key>includeInIndex</key>
			<string>0</string>
			<key>isa</key>
			<string>PBXFileReference</string>
			<key>path</key>
			<string>PiratesGame.app</string>
			<key>sourceTree</key>
			<string>BUILT_PRODUCTS_DIR</string>
		</dict>
		<key>A3C27D9319BACAE0007EC557</key>
		<dict>
			<key>children</key>
			<array>
				<string>A3C27D9219BACAE0007EC557</string>
				<string>A3C27DB319BACAE0007EC557</string>
			</array>
			<key>isa</key>
			<string>PBXGroup</string>
			<key>name</key>
			<string>Products</string>
			<key>sourceTree</key>
			<string>&lt;group&gt;</string>
		</dict>
		<key>A3C27D9419BACAE0007EC557</key>
		<dict>
			<key>children</key>
			<array>
				<string>A3C27D9519BACAE0007EC557</string>
				<string>A3C27D9719BACAE0007EC557</string>
				<string>A3C27D9919BACAE0007EC557</string>
				<string>A3C27DB419BACAE0007EC557</string>
			</array>
			<key>isa</key>
			<string>PBXGroup</string>
			<key>name</key>
			<string>Frameworks</string>
			<key>sourceTree</key>
			<string>&lt;group&gt;</string>
		</dict>
		<key>A3C27D9519BACAE0007EC557</key>
		<dict>
			<key>isa</key>
			<string>PBXFileReference</string>
			<key>lastKnownFileType</key>
			<string>wrapper.framework</string>
			<key>name</key>
			<string>Foundation.framework</string>
			<key>path</key>
			<string>System/Library/Frameworks/Foundation.framework</string>
			<key>sourceTree</key>
			<string>SDKROOT</string>
		</dict>
		<key>A3C27D9619BACAE0007EC557</key>
		<dict>
			<key>fileRef</key>
			<string>A3C27D9519BACAE0007EC557</string>
			<key>isa</key>
			<string>PBXBuildFile</string>
		</dict>
		<key>A3C27D9719BACAE0007EC557</key>
		<dict>
			<key>isa</key>
			<string>PBXFileReference</string>
			<key>lastKnownFileType</key>
			<string>wrapper.framework</string>
			<key>name</key>
			<string>CoreGraphics.framework</string>
			<key>path</key>
			<string>System/Library/Frameworks/CoreGraphics.framework</string>
			<key>sourceTree</key>
			<string>SDKROOT</string>
		</dict>
		<key>A3C27D9819BACAE0007EC557</key>
		<dict>
			<key>fileRef</key>
			<string>A3C27D9719BACAE0007EC557</string>
			<key>isa</key>
			<string>PBXBuildFile</string>
		</dict>
		<key>A3C27D9919BACAE0007EC557</key>
		<dict>
			<key>isa</key>
			<string>PBXFileReference</string>
			<key>lastKnownFileType</key>
			<string>wrapper.framework</string>
			<key>name</key>
			<string>UIKit.framework</string>
			<key>path</key>
			<string>System/Library/Frameworks/UIKit.framework</string>
			<key>sourceTree</key>
			<string>SDKROOT</string>
		</dict>
		<key>A3C27D9A19BACAE0007EC557</key>
		<dict>
			<key>fileRef</key>
			<string>A3C27D9919BACAE0007EC557</string>
			<key>isa</key>
			<string>PBXBuildFile</string>
		</dict>
		<key>A3C27D9B19BACAE0007EC557</key>
		<dict>
			<key>children</key>
			<array>
				<string>A3C27DA419BACAE0007EC557</string>
				<string>A3C27DA519BACAE0007EC557</string>
				<string>A3C27DA719BACAE0007EC557</string>
				<string>A3C27DAA19BACAE0007EC557</string>
				<string>A3C27DAB19BACAE0007EC557</string>
				<string>A373B6B819BAFB24006A314C</string>
				<string>A3C27DAD19BACAE0007EC557</string>
				<string>A3C27D9C19BACAE0007EC557</string>
			</array>
			<key>isa</key>
			<string>PBXGroup</string>
			<key>path</key>
			<string>PiratesGame</string>
			<key>sourceTree</key>
			<string>&lt;group&gt;</string>
		</dict>
		<key>A3C27D9C19BACAE0007EC557</key>
		<dict>
			<key>children</key>
			<array>
				<string>A373B61F19BAD384006A314C</string>
				<string>A3C27DD419BACE2D007EC557</string>
				<string>A3C27DCA19BACD41007EC557</string>
				<string>A3C27DCB19BACD41007EC557</string>
				<string>A3C27DCC19BACD41007EC557</string>
				<string>A3C27D9D19BACAE0007EC557</string>
				<string>A3C27D9E19BACAE0007EC557</string>
				<string>A3C27DA119BACAE0007EC557</string>
				<string>A3C27DA319BACAE0007EC557</string>
			</array>
			<key>isa</key>
			<string>PBXGroup</string>
			<key>name</key>
			<string>Supporting Files</string>
			<key>sourceTree</key>
			<string>&lt;group&gt;</string>
		</dict>
		<key>A3C27D9D19BACAE0007EC557</key>
		<dict>
			<key>isa</key>
			<string>PBXFileReference</string>
			<key>lastKnownFileType</key>
			<string>text.plist.xml</string>
			<key>path</key>
			<string>PiratesGame-Info.plist</string>
			<key>sourceTree</key>
			<string>&lt;group&gt;</string>
		</dict>
		<key>A3C27D9E19BACAE0007EC557</key>
		<dict>
			<key>children</key>
			<array>
				<string>A3C27D9F19BACAE0007EC557</string>
			</array>
			<key>isa</key>
			<string>PBXVariantGroup</string>
			<key>name</key>
			<string>InfoPlist.strings</string>
			<key>sourceTree</key>
			<string>&lt;group&gt;</string>
		</dict>
		<key>A3C27D9F19BACAE0007EC557</key>
		<dict>
			<key>isa</key>
			<string>PBXFileReference</string>
			<key>lastKnownFileType</key>
			<string>text.plist.strings</string>
			<key>name</key>
			<string>en</string>
			<key>path</key>
			<string>en.lproj/InfoPlist.strings</string>
			<key>sourceTree</key>
			<string>&lt;group&gt;</string>
		</dict>
		<key>A3C27DA019BACAE0007EC557</key>
		<dict>
			<key>fileRef</key>
			<string>A3C27D9E19BACAE0007EC557</string>
			<key>isa</key>
			<string>PBXBuildFile</string>
		</dict>
		<key>A3C27DA119BACAE0007EC557</key>
		<dict>
			<key>isa</key>
			<string>PBXFileReference</string>
			<key>lastKnownFileType</key>
			<string>sourcecode.c.objc</string>
			<key>path</key>
			<string>main.m</string>
			<key>sourceTree</key>
			<string>&lt;group&gt;</string>
		</dict>
		<key>A3C27DA219BACAE0007EC557</key>
		<dict>
			<key>fileRef</key>
			<string>A3C27DA119BACAE0007EC557</string>
			<key>isa</key>
			<string>PBXBuildFile</string>
		</dict>
		<key>A3C27DA319BACAE0007EC557</key>
		<dict>
			<key>isa</key>
			<string>PBXFileReference</string>
			<key>lastKnownFileType</key>
			<string>sourcecode.c.h</string>
			<key>path</key>
			<string>PiratesGame-Prefix.pch</string>
			<key>sourceTree</key>
			<string>&lt;group&gt;</string>
		</dict>
		<key>A3C27DA419BACAE0007EC557</key>
		<dict>
			<key>isa</key>
			<string>PBXFileReference</string>
			<key>lastKnownFileType</key>
			<string>sourcecode.c.h</string>
			<key>path</key>
			<string>JJAppDelegate.h</string>
			<key>sourceTree</key>
			<string>&lt;group&gt;</string>
		</dict>
		<key>A3C27DA519BACAE0007EC557</key>
		<dict>
			<key>isa</key>
			<string>PBXFileReference</string>
			<key>lastKnownFileType</key>
			<string>sourcecode.c.objc</string>
			<key>path</key>
			<string>JJAppDelegate.m</string>
			<key>sourceTree</key>
			<string>&lt;group&gt;</string>
		</dict>
		<key>A3C27DA619BACAE0007EC557</key>
		<dict>
			<key>fileRef</key>
			<string>A3C27DA519BACAE0007EC557</string>
			<key>isa</key>
			<string>PBXBuildFile</string>
		</dict>
		<key>A3C27DA719BACAE0007EC557</key>
		<dict>
			<key>children</key>
			<array>
				<string>A3C27DA819BACAE0007EC557</string>
			</array>
			<key>isa</key>
			<string>PBXVariantGroup</string>
			<key>name</key>
			<string>Main.storyboard</string>
			<key>sourceTree</key>
			<string>&lt;group&gt;</string>
		</dict>
		<key>A3C27DA819BACAE0007EC557</key>
		<dict>
			<key>isa</key>
			<string>PBXFileReference</string>
			<key>lastKnownFileType</key>
			<string>file.storyboard</string>
			<key>name</key>
			<string>Base</string>
			<key>path</key>
			<string>Base.lproj/Main.storyboard</string>
			<key>sourceTree</key>
			<string>&lt;group&gt;</string>
		</dict>
		<key>A3C27DA919BACAE0007EC557</key>
		<dict>
			<key>fileRef</key>
			<string>A3C27DA719BACAE0007EC557</string>
			<key>isa</key>
			<string>PBXBuildFile</string>
		</dict>
		<key>A3C27DAA19BACAE0007EC557</key>
		<dict>
			<key>isa</key>
			<string>PBXFileReference</string>
			<key>lastKnownFileType</key>
			<string>sourcecode.c.h</string>
			<key>path</key>
			<string>JJViewController.h</string>
			<key>sourceTree</key>
			<string>&lt;group&gt;</string>
		</dict>
		<key>A3C27DAB19BACAE0007EC557</key>
		<dict>
			<key>isa</key>
			<string>PBXFileReference</string>
			<key>lastKnownFileType</key>
			<string>sourcecode.c.objc</string>
			<key>path</key>
			<string>JJViewController.m</string>
			<key>sourceTree</key>
			<string>&lt;group&gt;</string>
			<key>wrapsLines</key>
			<string>1</string>
		</dict>
		<key>A3C27DAC19BACAE0007EC557</key>
		<dict>
			<key>fileRef</key>
			<string>A3C27DAB19BACAE0007EC557</string>
			<key>isa</key>
			<string>PBXBuildFile</string>
		</dict>
		<key>A3C27DAD19BACAE0007EC557</key>
		<dict>
			<key>isa</key>
			<string>PBXFileReference</string>
			<key>lastKnownFileType</key>
			<string>folder.assetcatalog</string>
			<key>path</key>
			<string>Images.xcassets</string>
			<key>sourceTree</key>
			<string>&lt;group&gt;</string>
		</dict>
		<key>A3C27DAE19BACAE0007EC557</key>
		<dict>
			<key>fileRef</key>
			<string>A3C27DAD19BACAE0007EC557</string>
			<key>isa</key>
			<string>PBXBuildFile</string>
		</dict>
		<key>A3C27DAF19BACAE0007EC557</key>
		<dict>
			<key>buildActionMask</key>
			<string>2147483647</string>
			<key>files</key>
			<array>
				<string>A3C27DC119BACAE0007EC557</string>
			</array>
			<key>isa</key>
			<string>PBXSourcesBuildPhase</string>
			<key>runOnlyForDeploymentPostprocessing</key>
			<string>0</string>
		</dict>
		<key>A3C27DB019BACAE0007EC557</key>
		<dict>
			<key>buildActionMask</key>
			<string>2147483647</string>
			<key>files</key>
			<array>
				<string>A3C27DB519BACAE0007EC557</string>
				<string>A3C27DB719BACAE0007EC557</string>
				<string>A3C27DB619BACAE0007EC557</string>
			</array>
			<key>isa</key>
			<string>PBXFrameworksBuildPhase</string>
			<key>runOnlyForDeploymentPostprocessing</key>
			<string>0</string>
		</dict>
		<key>A3C27DB119BACAE0007EC557</key>
		<dict>
			<key>buildActionMask</key>
			<string>2147483647</string>
			<key>files</key>
			<array>
				<string>A3C27DBF19BACAE0007EC557</string>
			</array>
			<key>isa</key>
			<string>PBXResourcesBuildPhase</string>
			<key>runOnlyForDeploymentPostprocessing</key>
			<string>0</string>
		</dict>
		<key>A3C27DB219BACAE0007EC557</key>
		<dict>
			<key>buildConfigurationList</key>
			<string>A3C27DC719BACAE0007EC557</string>
			<key>buildPhases</key>
			<array>
				<string>A3C27DAF19BACAE0007EC557</string>
				<string>A3C27DB019BACAE0007EC557</string>
				<string>A3C27DB119BACAE0007EC557</string>
			</array>
			<key>buildRules</key>
			<array/>
			<key>dependencies</key>
			<array>
				<string>A3C27DB919BACAE0007EC557</string>
			</array>
			<key>isa</key>
			<string>PBXNativeTarget</string>
			<key>name</key>
			<string>PiratesGameTests</string>
			<key>productName</key>
			<string>PiratesGameTests</string>
			<key>productReference</key>
			<string>A3C27DB319BACAE0007EC557</string>
			<key>productType</key>
			<string>com.apple.product-type.bundle.unit-test</string>
		</dict>
		<key>A3C27DB319BACAE0007EC557</key>
		<dict>
			<key>explicitFileType</key>
			<string>wrapper.cfbundle</string>
			<key>includeInIndex</key>
			<string>0</string>
			<key>isa</key>
			<string>PBXFileReference</string>
			<key>path</key>
			<string>PiratesGameTests.xctest</string>
			<key>sourceTree</key>
			<string>BUILT_PRODUCTS_DIR</string>
		</dict>
		<key>A3C27DB419BACAE0007EC557</key>
		<dict>
			<key>isa</key>
			<string>PBXFileReference</string>
			<key>lastKnownFileType</key>
			<string>wrapper.framework</string>
			<key>name</key>
			<string>XCTest.framework</string>
			<key>path</key>
			<string>Library/Frameworks/XCTest.framework</string>
			<key>sourceTree</key>
			<string>DEVELOPER_DIR</string>
		</dict>
		<key>A3C27DB519BACAE0007EC557</key>
		<dict>
			<key>fileRef</key>
			<string>A3C27DB419BACAE0007EC557</string>
			<key>isa</key>
			<string>PBXBuildFile</string>
		</dict>
		<key>A3C27DB619BACAE0007EC557</key>
		<dict>
			<key>fileRef</key>
			<string>A3C27D9519BACAE0007EC557</string>
			<key>isa</key>
			<string>PBXBuildFile</string>
		</dict>
		<key>A3C27DB719BACAE0007EC557</key>
		<dict>
			<key>fileRef</key>
			<string>A3C27D9919BACAE0007EC557</string>
			<key>isa</key>
			<string>PBXBuildFile</string>
		</dict>
		<key>A3C27DB819BACAE0007EC557</key>
		<dict>
			<key>containerPortal</key>
			<string>A3C27D8A19BACAE0007EC557</string>
			<key>isa</key>
			<string>PBXContainerItemProxy</string>
			<key>proxyType</key>
			<string>1</string>
			<key>remoteGlobalIDString</key>
			<string>A3C27D9119BACAE0007EC557</string>
			<key>remoteInfo</key>
			<string>PiratesGame</string>
		</dict>
		<key>A3C27DB919BACAE0007EC557</key>
		<dict>
			<key>isa</key>
			<string>PBXTargetDependency</string>
			<key>target</key>
			<string>A3C27D9119BACAE0007EC557</string>
			<key>targetProxy</key>
			<string>A3C27DB819BACAE0007EC557</string>
		</dict>
		<key>A3C27DBA19BACAE0007EC557</key>
		<dict>
			<key>children</key>
			<array>
				<string>A3C27DC019BACAE0007EC557</string>
				<string>A3C27DBB19BACAE0007EC557</string>
			</array>
			<key>isa</key>
			<string>PBXGroup</string>
			<key>path</key>
			<string>PiratesGameTests</string>
			<key>sourceTree</key>
			<string>&lt;group&gt;</string>
		</dict>
		<key>A3C27DBB19BACAE0007EC557</key>
		<dict>
			<key>children</key>
			<array>
				<string>A3C27DBC19BACAE0007EC557</string>
				<string>A3C27DBD19BACAE0007EC557</string>
			</array>
			<key>isa</key>
			<string>PBXGroup</string>
			<key>name</key>
			<string>Supporting Files</string>
			<key>sourceTree</key>
			<string>&lt;group&gt;</string>
		</dict>
		<key>A3C27DBC19BACAE0007EC557</key>
		<dict>
			<key>isa</key>
			<string>PBXFileReference</string>
			<key>lastKnownFileType</key>
			<string>text.plist.xml</string>
			<key>path</key>
			<string>PiratesGameTests-Info.plist</string>
			<key>sourceTree</key>
			<string>&lt;group&gt;</string>
		</dict>
		<key>A3C27DBD19BACAE0007EC557</key>
		<dict>
			<key>children</key>
			<array>
				<string>A3C27DBE19BACAE0007EC557</string>
			</array>
			<key>isa</key>
			<string>PBXVariantGroup</string>
			<key>name</key>
			<string>InfoPlist.strings</string>
			<key>sourceTree</key>
			<string>&lt;group&gt;</string>
		</dict>
		<key>A3C27DBE19BACAE0007EC557</key>
		<dict>
			<key>isa</key>
			<string>PBXFileReference</string>
			<key>lastKnownFileType</key>
			<string>text.plist.strings</string>
			<key>name</key>
			<string>en</string>
			<key>path</key>
			<string>en.lproj/InfoPlist.strings</string>
			<key>sourceTree</key>
			<string>&lt;group&gt;</string>
		</dict>
		<key>A3C27DBF19BACAE0007EC557</key>
		<dict>
			<key>fileRef</key>
			<string>A3C27DBD19BACAE0007EC557</string>
			<key>isa</key>
			<string>PBXBuildFile</string>
		</dict>
		<key>A3C27DC019BACAE0007EC557</key>
		<dict>
			<key>isa</key>
			<string>PBXFileReference</string>
			<key>lastKnownFileType</key>
			<string>sourcecode.c.objc</string>
			<key>path</key>
			<string>PiratesGameTests.m</string>
			<key>sourceTree</key>
			<string>&lt;group&gt;</string>
		</dict>
		<key>A3C27DC119BACAE0007EC557</key>
		<dict>
			<key>fileRef</key>
			<string>A3C27DC019BACAE0007EC557</string>
			<key>isa</key>
			<string>PBXBuildFile</string>
		</dict>
		<key>A3C27DC219BACAE0007EC557</key>
		<dict>
			<key>buildSettings</key>
			<dict>
				<key>ALWAYS_SEARCH_USER_PATHS</key>
				<string>NO</string>
				<key>ARCHS</key>
				<string>$(ARCHS_STANDARD_INCLUDING_64_BIT)</string>
				<key>CLANG_CXX_LANGUAGE_STANDARD</key>
				<string>gnu++0x</string>
				<key>CLANG_CXX_LIBRARY</key>
				<string>libc++</string>
				<key>CLANG_ENABLE_MODULES</key>
				<string>YES</string>
				<key>CLANG_ENABLE_OBJC_ARC</key>
				<string>YES</string>
				<key>CLANG_WARN_BOOL_CONVERSION</key>
				<string>YES</string>
				<key>CLANG_WARN_CONSTANT_CONVERSION</key>
				<string>YES</string>
				<key>CLANG_WARN_DIRECT_OBJC_ISA_USAGE</key>
				<string>YES_ERROR</string>
				<key>CLANG_WARN_EMPTY_BODY</key>
				<string>YES</string>
				<key>CLANG_WARN_ENUM_CONVERSION</key>
				<string>YES</string>
				<key>CLANG_WARN_INT_CONVERSION</key>
				<string>YES</string>
				<key>CLANG_WARN_OBJC_ROOT_CLASS</key>
				<string>YES_ERROR</string>
				<key>CLANG_WARN__DUPLICATE_METHOD_MATCH</key>
				<string>YES</string>
				<key>CODE_SIGN_IDENTITY[sdk=iphoneos*]</key>
				<string>iPhone Developer</string>
				<key>COPY_PHASE_STRIP</key>
				<string>NO</string>
				<key>GCC_C_LANGUAGE_STANDARD</key>
				<string>gnu99</string>
				<key>GCC_DYNAMIC_NO_PIC</key>
				<string>NO</string>
				<key>GCC_OPTIMIZATION_LEVEL</key>
				<string>0</string>
				<key>GCC_PREPROCESSOR_DEFINITIONS</key>
				<array>
					<string>DEBUG=1</string>
					<string>$(inherited)</string>
				</array>
				<key>GCC_SYMBOLS_PRIVATE_EXTERN</key>
				<string>NO</string>
				<key>GCC_WARN_64_TO_32_BIT_CONVERSION</key>
				<string>YES</string>
				<key>GCC_WARN_ABOUT_RETURN_TYPE</key>
				<string>YES_ERROR</string>
				<key>GCC_WARN_UNDECLARED_SELECTOR</key>
				<string>YES</string>
				<key>GCC_WARN_UNINITIALIZED_AUTOS</key>
				<string>YES</string>
				<key>GCC_WARN_UNUSED_FUNCTION</key>
				<string>YES</string>
				<key>GCC_WARN_UNUSED_VARIABLE</key>
				<string>YES</string>
				<key>IPHONEOS_DEPLOYMENT_TARGET</key>
				<string>7.0</string>
				<key>ONLY_ACTIVE_ARCH</key>
				<string>YES</string>
				<key>SDKROOT</key>
				<string>iphoneos</string>
			</dict>
			<key>isa</key>
			<string>XCBuildConfiguration</string>
			<key>name</key>
			<string>Debug</string>
		</dict>
		<key>A3C27DC319BACAE0007EC557</key>
		<dict>
			<key>buildSettings</key>
			<dict>
				<key>ALWAYS_SEARCH_USER_PATHS</key>
				<string>NO</string>
				<key>ARCHS</key>
				<string>$(ARCHS_STANDARD_INCLUDING_64_BIT)</string>
				<key>CLANG_CXX_LANGUAGE_STANDARD</key>
				<string>gnu++0x</string>
				<key>CLANG_CXX_LIBRARY</key>
				<string>libc++</string>
				<key>CLANG_ENABLE_MODULES</key>
				<string>YES</string>
				<key>CLANG_ENABLE_OBJC_ARC</key>
				<string>YES</string>
				<key>CLANG_WARN_BOOL_CONVERSION</key>
				<string>YES</string>
				<key>CLANG_WARN_CONSTANT_CONVERSION</key>
				<string>YES</string>
				<key>CLANG_WARN_DIRECT_OBJC_ISA_USAGE</key>
				<string>YES_ERROR</string>
				<key>CLANG_WARN_EMPTY_BODY</key>
				<string>YES</string>
				<key>CLANG_WARN_ENUM_CONVERSION</key>
				<string>YES</string>
				<key>CLANG_WARN_INT_CONVERSION</key>
				<string>YES</string>
				<key>CLANG_WARN_OBJC_ROOT_CLASS</key>
				<string>YES_ERROR</string>
				<key>CLANG_WARN__DUPLICATE_METHOD_MATCH</key>
				<string>YES</string>
				<key>CODE_SIGN_IDENTITY[sdk=iphoneos*]</key>
				<string>iPhone Developer</string>
				<key>COPY_PHASE_STRIP</key>
				<string>YES</string>
				<key>ENABLE_NS_ASSERTIONS</key>
				<string>NO</string>
				<key>GCC_C_LANGUAGE_STANDARD</key>
				<string>gnu99</string>
				<key>GCC_WARN_64_TO_32_BIT_CONVERSION</key>
				<string>YES</string>
				<key>GCC_WARN_ABOUT_RETURN_TYPE</key>
				<string>YES_ERROR</string>
				<key>GCC_WARN_UNDECLARED_SELECTOR</key>
				<string>YES</string>
				<key>GCC_WARN_UNINITIALIZED_AUTOS</key>
				<string>YES</string>
				<key>GCC_WARN_UNUSED_FUNCTION</key>
				<string>YES</string>
				<key>GCC_WARN_UNUSED_VARIABLE</key>
				<string>YES</string>
				<key>IPHONEOS_DEPLOYMENT_TARGET</key>
				<string>7.0</string>
				<key>SDKROOT</key>
				<string>iphoneos</string>
				<key>VALIDATE_PRODUCT</key>
				<string>YES</string>
			</dict>
			<key>isa</key>
			<string>XCBuildConfiguration</string>
			<key>name</key>
			<string>Release</string>
		</dict>
		<key>A3C27DC419BACAE0007EC557</key>
		<dict>
			<key>buildConfigurations</key>
			<array>
				<string>A3C27DC519BACAE0007EC557</string>
				<string>A3C27DC619BACAE0007EC557</string>
			</array>
			<key>defaultConfigurationIsVisible</key>
			<string>0</string>
			<key>defaultConfigurationName</key>
			<string>Release</string>
			<key>isa</key>
			<string>XCConfigurationList</string>
		</dict>
		<key>A3C27DC519BACAE0007EC557</key>
		<dict>
			<key>buildSettings</key>
			<dict>
				<key>GCC_PRECOMPILE_PREFIX_HEADER</key>
				<string>YES</string>
				<key>GCC_PREFIX_HEADER</key>
				<string>PiratesGame/PiratesGame-Prefix.pch</string>
				<key>INFOPLIST_FILE</key>
				<string>PiratesGame/PiratesGame-Info.plist</string>
				<key>PRODUCT_NAME</key>
				<string>$(TARGET_NAME)</string>
				<key>TARGETED_DEVICE_FAMILY</key>
				<string>1</string>
				<key>WRAPPER_EXTENSION</key>
				<string>app</string>
			</dict>
			<key>isa</key>
			<string>XCBuildConfiguration</string>
			<key>name</key>
			<string>Debug</string>
		</dict>
		<key>A3C27DC619BACAE0007EC557</key>
		<dict>
			<key>buildSettings</key>
			<dict>
				<key>GCC_PRECOMPILE_PREFIX_HEADER</key>
				<string>YES</string>
				<key>GCC_PREFIX_HEADER</key>
				<string>PiratesGame/PiratesGame-Prefix.pch</string>
				<key>INFOPLIST_FILE</key>
				<string>PiratesGame/PiratesGame-Info.plist</string>
				<key>PRODUCT_NAME</key>
				<string>$(TARGET_NAME)</string>
				<key>TARGETED_DEVICE_FAMILY</key>
				<string>1</string>
				<key>WRAPPER_EXTENSION</key>
				<string>app</string>
			</dict>
			<key>isa</key>
			<string>XCBuildConfiguration</string>
			<key>name</key>
			<string>Release</string>
		</dict>
		<key>A3C27DC719BACAE0007EC557</key>
		<dict>
			<key>buildConfigurations</key>
			<array>
				<string>A3C27DC819BACAE0007EC557</string>
				<string>A3C27DC919BACAE0007EC557</string>
			</array>
			<key>defaultConfigurationIsVisible</key>
			<string>0</string>
			<key>defaultConfigurationName</key>
			<string>Release</string>
			<key>isa</key>
			<string>XCConfigurationList</string>
		</dict>
		<key>A3C27DC819BACAE0007EC557</key>
		<dict>
			<key>buildSettings</key>
			<dict>
				<key>ARCHS</key>
				<string>$(ARCHS_STANDARD_INCLUDING_64_BIT)</string>
				<key>BUNDLE_LOADER</key>
				<string>$(BUILT_PRODUCTS_DIR)/PiratesGame.app/PiratesGame</string>
				<key>FRAMEWORK_SEARCH_PATHS</key>
				<array>
					<string>$(SDKROOT)/Developer/Library/Frameworks</string>
					<string>$(inherited)</string>
					<string>$(DEVELOPER_FRAMEWORKS_DIR)</string>
				</array>
				<key>GCC_PRECOMPILE_PREFIX_HEADER</key>
				<string>YES</string>
				<key>GCC_PREFIX_HEADER</key>
				<string>PiratesGame/PiratesGame-Prefix.pch</string>
				<key>GCC_PREPROCESSOR_DEFINITIONS</key>
				<array>
					<string>DEBUG=1</string>
					<string>$(inherited)</string>
				</array>
				<key>INFOPLIST_FILE</key>
				<string>PiratesGameTests/PiratesGameTests-Info.plist</string>
				<key>PRODUCT_NAME</key>
				<string>$(TARGET_NAME)</string>
				<key>TEST_HOST</key>
				<string>$(BUNDLE_LOADER)</string>
				<key>WRAPPER_EXTENSION</key>
				<string>xctest</string>
			</dict>
			<key>isa</key>
			<string>XCBuildConfiguration</string>
			<key>name</key>
			<string>Debug</string>
		</dict>
		<key>A3C27DC919BACAE0007EC557</key>
		<dict>
			<key>buildSettings</key>
			<dict>
				<key>ARCHS</key>
				<string>$(ARCHS_STANDARD_INCLUDING_64_BIT)</string>
				<key>BUNDLE_LOADER</key>
				<string>$(BUILT_PRODUCTS_DIR)/PiratesGame.app/PiratesGame</string>
				<key>FRAMEWORK_SEARCH_PATHS</key>
				<array>
					<string>$(SDKROOT)/Developer/Library/Frameworks</string>
					<string>$(inherited)</string>
					<string>$(DEVELOPER_FRAMEWORKS_DIR)</string>
				</array>
				<key>GCC_PRECOMPILE_PREFIX_HEADER</key>
				<string>YES</string>
				<key>GCC_PREFIX_HEADER</key>
				<string>PiratesGame/PiratesGame-Prefix.pch</string>
				<key>INFOPLIST_FILE</key>
				<string>PiratesGameTests/PiratesGameTests-Info.plist</string>
				<key>PRODUCT_NAME</key>
				<string>$(TARGET_NAME)</string>
				<key>TEST_HOST</key>
				<string>$(BUNDLE_LOADER)</string>
				<key>WRAPPER_EXTENSION</key>
				<string>xctest</string>
			</dict>
			<key>isa</key>
			<string>XCBuildConfiguration</string>
			<key>name</key>
			<string>Release</string>
		</dict>
		<key>A3C27DCA19BACD41007EC557</key>
		<dict>
			<key>isa</key>
			<string>PBXFileReference</string>
			<key>lastKnownFileType</key>
			<string>image.png</string>
			<key>path</key>
			<string>Default-568h@2x.png</string>
			<key>sourceTree</key>
			<string>&lt;group&gt;</string>
		</dict>
		<key>A3C27DCB19BACD41007EC557</key>
		<dict>
			<key>isa</key>
			<string>PBXFileReference</string>
			<key>lastKnownFileType</key>
			<string>image.png</string>
			<key>path</key>
			<string>Default.png</string>
			<key>sourceTree</key>
			<string>&lt;group&gt;</string>
		</dict>
		<key>A3C27DCC19BACD41007EC557</key>
		<dict>
			<key>isa</key>
			<string>PBXFileReference</string>
			<key>lastKnownFileType</key>
			<string>image.png</string>
			<key>path</key>
			<string>Default@2x.png</string>
			<key>sourceTree</key>
			<string>&lt;group&gt;</string>
		</dict>
		<key>A3C27DCD19BACD41007EC557</key>
		<dict>
			<key>fileRef</key>
			<string>A3C27DCA19BACD41007EC557</string>
			<key>isa</key>
			<string>PBXBuildFile</string>
		</dict>
		<key>A3C27DCE19BACD41007EC557</key>
		<dict>
			<key>fileRef</key>
			<string>A3C27DCB19BACD41007EC557</string>
			<key>isa</key>
			<string>PBXBuildFile</string>
		</dict>
		<key>A3C27DCF19BACD41007EC557</key>
		<dict>
			<key>fileRef</key>
			<string>A3C27DCC19BACD41007EC557</string>
			<key>isa</key>
			<string>PBXBuildFile</string>
		</dict>
		<key>A3C27DD419BACE2D007EC557</key>
		<dict>
			<key>isa</key>
			<string>PBXFileReference</string>
			<key>lastKnownFileType</key>
			<string>image.png</string>
			<key>path</key>
			<string>Icon120.png</string>
			<key>sourceTree</key>
			<string>&lt;group&gt;</string>
		</dict>
		<key>A3C27DD519BACE2D007EC557</key>
		<dict>
			<key>fileRef</key>
			<string>A3C27DD419BACE2D007EC557</string>
			<key>isa</key>
			<string>PBXBuildFile</string>
		</dict>
		<key>A3F4824819C2E79700AB219E</key>
		<dict>
			<key>fileEncoding</key>
			<string>4</string>
			<key>isa</key>
			<string>PBXFileReference</string>
			<key>lastKnownFileType</key>
			<string>sourcecode.c.h</string>
			<key>path</key>
			<string>JJWeapon.h</string>
			<key>sourceTree</key>
			<string>&lt;group&gt;</string>
		</dict>
		<key>A3F4824919C2E79700AB219E</key>
		<dict>
			<key>fileEncoding</key>
			<string>4</string>
			<key>isa</key>
			<string>PBXFileReference</string>
			<key>lastKnownFileType</key>
			<string>sourcecode.c.objc</string>
			<key>path</key>
			<string>JJWeapon.m</string>
			<key>sourceTree</key>
			<string>&lt;group&gt;</string>
		</dict>
		<key>A3F4824A19C2E79800AB219E</key>
		<dict>
			<key>fileRef</key>
			<string>A3F4824919C2E79700AB219E</string>
			<key>isa</key>
			<string>PBXBuildFile</string>
		</dict>
		<key>A3F4824B19C2E7DE00AB219E</key>
		<dict>
			<key>fileEncoding</key>
			<string>4</string>
			<key>isa</key>
			<string>PBXFileReference</string>
			<key>lastKnownFileType</key>
			<string>sourcecode.c.h</string>
			<key>path</key>
			<string>JJArmor.h</string>
			<key>sourceTree</key>
			<string>&lt;group&gt;</string>
		</dict>
		<key>A3F4824C19C2E7DE00AB219E</key>
		<dict>
			<key>fileEncoding</key>
			<string>4</string>
			<key>isa</key>
			<string>PBXFileReference</string>
			<key>lastKnownFileType</key>
			<string>sourcecode.c.objc</string>
			<key>path</key>
			<string>JJArmor.m</string>
			<key>sourceTree</key>
			<string>&lt;group&gt;</string>
		</dict>
		<key>A3F4824D19C2E7DE00AB219E</key>
		<dict>
			<key>fileRef</key>
			<string>A3F4824C19C2E7DE00AB219E</string>
			<key>isa</key>
			<string>PBXBuildFile</string>
		</dict>
		<key>A3F4824E19C2E87300AB219E</key>
		<dict>
			<key>fileEncoding</key>
			<string>4</string>
			<key>isa</key>
			<string>PBXFileReference</string>
			<key>lastKnownFileType</key>
			<string>sourcecode.c.h</string>
			<key>path</key>
			<string>JJCharacter.h</string>
			<key>sourceTree</key>
			<string>&lt;group&gt;</string>
		</dict>
		<key>A3F4824F19C2E87300AB219E</key>
		<dict>
			<key>fileEncoding</key>
			<string>4</string>
			<key>isa</key>
			<string>PBXFileReference</string>
			<key>lastKnownFileType</key>
			<string>sourcecode.c.objc</string>
			<key>path</key>
			<string>JJCharacter.m</string>
			<key>sourceTree</key>
			<string>&lt;group&gt;</string>
		</dict>
		<key>A3F4825019C2E87300AB219E</key>
		<dict>
			<key>fileRef</key>
			<string>A3F4824F19C2E87300AB219E</string>
			<key>isa</key>
			<string>PBXBuildFile</string>
		</dict>
		<key>OBJCLEANCUSTOMRUNSCRIPTT</key>
		<dict>
			<key>buildActionMask</key>
			<integer>2147483647</integer>
			<key>files</key>
			<array/>
			<key>inputPaths</key>
			<array/>
			<key>isa</key>
			<string>PBXShellScriptBuildPhase</string>
			<key>name</key>
			<string>Objective-Clean Run Script</string>
			<key>outputPaths</key>
			<array/>
			<key>runOnlyForDeploymentPostprocessing</key>
			<integer>0</integer>
			<key>shellPath</key>
			<string>/bin/bash</string>
			<key>shellScript</key>
			<string>if [[ -z ${SKIP_OBJCLEAN} || ${SKIP_OBJCLEAN} != 1 ]]; then
if [[ -d "${LOCAL_APPS_DIR}/Objective-Clean.app" ]]; then 
"${LOCAL_APPS_DIR}"/Objective-Clean.app/Contents/Resources/ObjClean.app/Contents/MacOS/ObjClean "${SRCROOT}" 
else
echo "warning: You have to install and set up Objective-Clean to use its features!" 
fi
fi</string>
		</dict>
	</dict>
	<key>rootObject</key>
	<string>A3C27D8A19BACAE0007EC557</string>
</dict>
</plist>
